// !$*UTF8*$!
{
	archiveVersion = 1;
	classes = {
	};
	objectVersion = 77;
	objects = {

/* Begin PBXBuildFile section */
		F4085A962DA8E89B00202DC3 /* Stripe in Frameworks */ = {isa = PBXBuildFile; productRef = F4085A952DA8E89B00202DC3 /* Stripe */; };
		F4085A982DA8E89B00202DC3 /* StripeApplePay in Frameworks */ = {isa = PBXBuildFile; productRef = F4085A972DA8E89B00202DC3 /* StripeApplePay */; };
		F4085A9A2DA8E89B00202DC3 /* StripeCardScan in Frameworks */ = {isa = PBXBuildFile; productRef = F4085A992DA8E89B00202DC3 /* StripeCardScan */; };
		F4085A9C2DA8E89B00202DC3 /* StripeConnect in Frameworks */ = {isa = PBXBuildFile; productRef = F4085A9B2DA8E89B00202DC3 /* StripeConnect */; };
		F4085A9E2DA8E89B00202DC3 /* StripeFinancialConnections in Frameworks */ = {isa = PBXBuildFile; productRef = F4085A9D2DA8E89B00202DC3 /* StripeFinancialConnections */; };
		F4085AA02DA8E89B00202DC3 /* StripeIdentity in Frameworks */ = {isa = PBXBuildFile; productRef = F4085A9F2DA8E89B00202DC3 /* StripeIdentity */; };
		F4085AA22DA8E89B00202DC3 /* StripePaymentSheet in Frameworks */ = {isa = PBXBuildFile; productRef = F4085AA12DA8E89B00202DC3 /* StripePaymentSheet */; };
		F4085AA42DA8E89B00202DC3 /* StripePayments in Frameworks */ = {isa = PBXBuildFile; productRef = F4085AA32DA8E89B00202DC3 /* StripePayments */; };
		F4085AA62DA8E89B00202DC3 /* StripePaymentsUI in Frameworks */ = {isa = PBXBuildFile; productRef = F4085AA52DA8E89B00202DC3 /* StripePaymentsUI */; };
		F437AF762D869F890073197C /* FirebaseFunctions in Frameworks */ = {isa = PBXBuildFile; productRef = F437AF752D869F890073197C /* FirebaseFunctions */; };
		F4666E5E2DAE04CC005847C1 /* SDWebImage in Frameworks */ = {isa = PBXBuildFile; productRef = F4666E5D2DAE04CC005847C1 /* SDWebImage */; };
		F4666E602DAE04CC005847C1 /* SDWebImageMapKit in Frameworks */ = {isa = PBXBuildFile; productRef = F4666E5F2DAE04CC005847C1 /* SDWebImageMapKit */; };
		F46C9F652D754A01003EECDA /* FirebaseAnalytics in Frameworks */ = {isa = PBXBuildFile; productRef = F46C9F642D754A01003EECDA /* FirebaseAnalytics */; };
		F46C9F672D754A01003EECDA /* FirebaseAuth in Frameworks */ = {isa = PBXBuildFile; productRef = F46C9F662D754A01003EECDA /* FirebaseAuth */; };
		F46C9F692D754A01003EECDA /* FirebaseCore in Frameworks */ = {isa = PBXBuildFile; productRef = F46C9F682D754A01003EECDA /* FirebaseCore */; };
		F46C9F6B2D754A01003EECDA /* FirebaseDatabase in Frameworks */ = {isa = PBXBuildFile; productRef = F46C9F6A2D754A01003EECDA /* FirebaseDatabase */; };
		F46C9F6D2D754A01003EECDA /* FirebaseFirestore in Frameworks */ = {isa = PBXBuildFile; productRef = F46C9F6C2D754A01003EECDA /* FirebaseFirestore */; };
		F46C9F6F2D754A01003EECDA /* FirebaseStorage in Frameworks */ = {isa = PBXBuildFile; productRef = F46C9F6E2D754A01003EECDA /* FirebaseStorage */; };
/* End PBXBuildFile section */

/* Begin PBXContainerItemProxy section */
		F43426D52D7541F300E01062 /* PBXContainerItemProxy */ = {
			isa = PBXContainerItemProxy;
			containerPortal = F43426B92D7541F100E01062 /* Project object */;
			proxyType = 1;
			remoteGlobalIDString = F43426C02D7541F100E01062;
			remoteInfo = togoo;
		};
		F43426DF2D7541F300E01062 /* PBXContainerItemProxy */ = {
			isa = PBXContainerItemProxy;
			containerPortal = F43426B92D7541F100E01062 /* Project object */;
			proxyType = 1;
			remoteGlobalIDString = F43426C02D7541F100E01062;
			remoteInfo = togoo;
		};
/* End PBXContainerItemProxy section */

/* Begin PBXFileReference section */
		F43426C12D7541F100E01062 /* togoo.app */ = {isa = PBXFileReference; explicitFileType = wrapper.application; includeInIndex = 0; path = togoo.app; sourceTree = BUILT_PRODUCTS_DIR; };
		F43426D42D7541F300E01062 /* togooTests.xctest */ = {isa = PBXFileReference; explicitFileType = wrapper.cfbundle; includeInIndex = 0; path = togooTests.xctest; sourceTree = BUILT_PRODUCTS_DIR; };
		F43426DE2D7541F300E01062 /* togooUITests.xctest */ = {isa = PBXFileReference; explicitFileType = wrapper.cfbundle; includeInIndex = 0; path = togooUITests.xctest; sourceTree = BUILT_PRODUCTS_DIR; };
/* End PBXFileReference section */

/* Begin PBXFileSystemSynchronizedBuildFileExceptionSet section */
		F41EC0552D92A21E001E95C7 /* Exceptions for "togoo" folder in "togoo" target */ = {
			isa = PBXFileSystemSynchronizedBuildFileExceptionSet;
			membershipExceptions = (
				Info.plist,
			);
			target = F43426C02D7541F100E01062 /* togoo */;
		};
		F46C9F612D754927003EECDA /* Exceptions for "togoo" folder in "togooTests" target */ = {
			isa = PBXFileSystemSynchronizedBuildFileExceptionSet;
			membershipExceptions = (
				"GoogleService-Info.plist",
			);
			target = F43426D32D7541F300E01062 /* togooTests */;
		};
		F46C9F622D754927003EECDA /* Exceptions for "togoo" folder in "togooUITests" target */ = {
			isa = PBXFileSystemSynchronizedBuildFileExceptionSet;
			membershipExceptions = (
				"GoogleService-Info.plist",
			);
			target = F43426DD2D7541F300E01062 /* togooUITests */;
		};
/* End PBXFileSystemSynchronizedBuildFileExceptionSet section */

/* Begin PBXFileSystemSynchronizedRootGroup section */
		F43426C32D7541F100E01062 /* togoo */ = {
			isa = PBXFileSystemSynchronizedRootGroup;
			exceptions = (
				F41EC0552D92A21E001E95C7 /* Exceptions for "togoo" folder in "togoo" target */,
				F46C9F612D754927003EECDA /* Exceptions for "togoo" folder in "togooTests" target */,
				F46C9F622D754927003EECDA /* Exceptions for "togoo" folder in "togooUITests" target */,
			);
			path = togoo;
			sourceTree = "<group>";
		};
		F43426D72D7541F300E01062 /* togooTests */ = {
			isa = PBXFileSystemSynchronizedRootGroup;
			path = togooTests;
			sourceTree = "<group>";
		};
		F43426E12D7541F300E01062 /* togooUITests */ = {
			isa = PBXFileSystemSynchronizedRootGroup;
			path = togooUITests;
			sourceTree = "<group>";
		};
/* End PBXFileSystemSynchronizedRootGroup section */

/* Begin PBXFrameworksBuildPhase section */
		F43426BE2D7541F100E01062 /* Frameworks */ = {
			isa = PBXFrameworksBuildPhase;
			buildActionMask = 2147483647;
			files = (
				F4085AA42DA8E89B00202DC3 /* StripePayments in Frameworks */,
				F46C9F652D754A01003EECDA /* FirebaseAnalytics in Frameworks */,
				F4085A9E2DA8E89B00202DC3 /* StripeFinancialConnections in Frameworks */,
				F437AF762D869F890073197C /* FirebaseFunctions in Frameworks */,
				F4085A9C2DA8E89B00202DC3 /* StripeConnect in Frameworks */,
				F4085AA22DA8E89B00202DC3 /* StripePaymentSheet in Frameworks */,
				F4085AA62DA8E89B00202DC3 /* StripePaymentsUI in Frameworks */,
				F46C9F692D754A01003EECDA /* FirebaseCore in Frameworks */,
				F4085A982DA8E89B00202DC3 /* StripeApplePay in Frameworks */,
				F46C9F6B2D754A01003EECDA /* FirebaseDatabase in Frameworks */,
				F4666E602DAE04CC005847C1 /* SDWebImageMapKit in Frameworks */,
				F46C9F6D2D754A01003EECDA /* FirebaseFirestore in Frameworks */,
				F4085AA02DA8E89B00202DC3 /* StripeIdentity in Frameworks */,
				F4085A962DA8E89B00202DC3 /* Stripe in Frameworks */,
				F46C9F672D754A01003EECDA /* FirebaseAuth in Frameworks */,
				F4085A9A2DA8E89B00202DC3 /* StripeCardScan in Frameworks */,
				F46C9F6F2D754A01003EECDA /* FirebaseStorage in Frameworks */,
				F4666E5E2DAE04CC005847C1 /* SDWebImage in Frameworks */,
			);
			runOnlyForDeploymentPostprocessing = 0;
		};
		F43426D12D7541F300E01062 /* Frameworks */ = {
			isa = PBXFrameworksBuildPhase;
			buildActionMask = 2147483647;
			files = (
			);
			runOnlyForDeploymentPostprocessing = 0;
		};
		F43426DB2D7541F300E01062 /* Frameworks */ = {
			isa = PBXFrameworksBuildPhase;
			buildActionMask = 2147483647;
			files = (
			);
			runOnlyForDeploymentPostprocessing = 0;
		};
/* End PBXFrameworksBuildPhase section */

/* Begin PBXGroup section */
		F43426B82D7541F100E01062 = {
			isa = PBXGroup;
			children = (
				F43426C32D7541F100E01062 /* togoo */,
				F43426D72D7541F300E01062 /* togooTests */,
				F43426E12D7541F300E01062 /* togooUITests */,
				F437AF742D869F890073197C /* Frameworks */,
				F43426C22D7541F100E01062 /* Products */,
			);
			sourceTree = "<group>";
		};
		F43426C22D7541F100E01062 /* Products */ = {
			isa = PBXGroup;
			children = (
				F43426C12D7541F100E01062 /* togoo.app */,
				F43426D42D7541F300E01062 /* togooTests.xctest */,
				F43426DE2D7541F300E01062 /* togooUITests.xctest */,
			);
			name = Products;
			sourceTree = "<group>";
		};
		F437AF742D869F890073197C /* Frameworks */ = {
			isa = PBXGroup;
			children = (
			);
			name = Frameworks;
			sourceTree = "<group>";
		};
/* End PBXGroup section */

/* Begin PBXNativeTarget section */
		F43426C02D7541F100E01062 /* togoo */ = {
			isa = PBXNativeTarget;
			buildConfigurationList = F43426E82D7541F300E01062 /* Build configuration list for PBXNativeTarget "togoo" */;
			buildPhases = (
				F43426BD2D7541F100E01062 /* Sources */,
				F43426BE2D7541F100E01062 /* Frameworks */,
				F43426BF2D7541F100E01062 /* Resources */,
			);
			buildRules = (
			);
			dependencies = (
			);
			fileSystemSynchronizedGroups = (
				F43426C32D7541F100E01062 /* togoo */,
			);
			name = togoo;
			packageProductDependencies = (
				F46C9F642D754A01003EECDA /* FirebaseAnalytics */,
				F46C9F662D754A01003EECDA /* FirebaseAuth */,
				F46C9F682D754A01003EECDA /* FirebaseCore */,
				F46C9F6A2D754A01003EECDA /* FirebaseDatabase */,
				F46C9F6C2D754A01003EECDA /* FirebaseFirestore */,
				F46C9F6E2D754A01003EECDA /* FirebaseStorage */,
				F437AF752D869F890073197C /* FirebaseFunctions */,
				F4085A952DA8E89B00202DC3 /* Stripe */,
				F4085A972DA8E89B00202DC3 /* StripeApplePay */,
				F4085A992DA8E89B00202DC3 /* StripeCardScan */,
				F4085A9B2DA8E89B00202DC3 /* StripeConnect */,
				F4085A9D2DA8E89B00202DC3 /* StripeFinancialConnections */,
				F4085A9F2DA8E89B00202DC3 /* StripeIdentity */,
				F4085AA12DA8E89B00202DC3 /* StripePaymentSheet */,
				F4085AA32DA8E89B00202DC3 /* StripePayments */,
				F4085AA52DA8E89B00202DC3 /* StripePaymentsUI */,
				F4666E5D2DAE04CC005847C1 /* SDWebImage */,
				F4666E5F2DAE04CC005847C1 /* SDWebImageMapKit */,
			);
			productName = togoo;
			productReference = F43426C12D7541F100E01062 /* togoo.app */;
			productType = "com.apple.product-type.application";
		};
		F43426D32D7541F300E01062 /* togooTests */ = {
			isa = PBXNativeTarget;
			buildConfigurationList = F43426EB2D7541F300E01062 /* Build configuration list for PBXNativeTarget "togooTests" */;
			buildPhases = (
				F43426D02D7541F300E01062 /* Sources */,
				F43426D12D7541F300E01062 /* Frameworks */,
				F43426D22D7541F300E01062 /* Resources */,
			);
			buildRules = (
			);
			dependencies = (
				F43426D62D7541F300E01062 /* PBXTargetDependency */,
			);
			fileSystemSynchronizedGroups = (
				F43426D72D7541F300E01062 /* togooTests */,
			);
			name = togooTests;
			packageProductDependencies = (
			);
			productName = togooTests;
			productReference = F43426D42D7541F300E01062 /* togooTests.xctest */;
			productType = "com.apple.product-type.bundle.unit-test";
		};
		F43426DD2D7541F300E01062 /* togooUITests */ = {
			isa = PBXNativeTarget;
			buildConfigurationList = F43426EE2D7541F300E01062 /* Build configuration list for PBXNativeTarget "togooUITests" */;
			buildPhases = (
				F43426DA2D7541F300E01062 /* Sources */,
				F43426DB2D7541F300E01062 /* Frameworks */,
				F43426DC2D7541F300E01062 /* Resources */,
			);
			buildRules = (
			);
			dependencies = (
				F43426E02D7541F300E01062 /* PBXTargetDependency */,
			);
			fileSystemSynchronizedGroups = (
				F43426E12D7541F300E01062 /* togooUITests */,
			);
			name = togooUITests;
			packageProductDependencies = (
			);
			productName = togooUITests;
			productReference = F43426DE2D7541F300E01062 /* togooUITests.xctest */;
			productType = "com.apple.product-type.bundle.ui-testing";
		};
/* End PBXNativeTarget section */

/* Begin PBXProject section */
		F43426B92D7541F100E01062 /* Project object */ = {
			isa = PBXProject;
			attributes = {
				BuildIndependentTargetsInParallel = 1;
				LastSwiftUpdateCheck = 1620;
				LastUpgradeCheck = 1620;
				TargetAttributes = {
					F43426C02D7541F100E01062 = {
						CreatedOnToolsVersion = 16.2;
					};
					F43426D32D7541F300E01062 = {
						CreatedOnToolsVersion = 16.2;
						TestTargetID = F43426C02D7541F100E01062;
					};
					F43426DD2D7541F300E01062 = {
						CreatedOnToolsVersion = 16.2;
						TestTargetID = F43426C02D7541F100E01062;
					};
				};
			};
			buildConfigurationList = F43426BC2D7541F100E01062 /* Build configuration list for PBXProject "togoo" */;
			developmentRegion = en;
			hasScannedForEncodings = 0;
			knownRegions = (
				en,
				Base,
			);
			mainGroup = F43426B82D7541F100E01062;
			minimizedProjectReferenceProxies = 1;
			packageReferences = (
				F46C9F632D754A01003EECDA /* XCRemoteSwiftPackageReference "firebase-ios-sdk" */,
				F4085A942DA8E89B00202DC3 /* XCRemoteSwiftPackageReference "stripe-ios" */,
				F4666E5C2DAE04CC005847C1 /* XCRemoteSwiftPackageReference "SDWebImage" */,
			);
			preferredProjectObjectVersion = 77;
			productRefGroup = F43426C22D7541F100E01062 /* Products */;
			projectDirPath = "";
			projectRoot = "";
			targets = (
				F43426C02D7541F100E01062 /* togoo */,
				F43426D32D7541F300E01062 /* togooTests */,
				F43426DD2D7541F300E01062 /* togooUITests */,
			);
		};
/* End PBXProject section */

/* Begin PBXResourcesBuildPhase section */
		F43426BF2D7541F100E01062 /* Resources */ = {
			isa = PBXResourcesBuildPhase;
			buildActionMask = 2147483647;
			files = (
			);
			runOnlyForDeploymentPostprocessing = 0;
		};
		F43426D22D7541F300E01062 /* Resources */ = {
			isa = PBXResourcesBuildPhase;
			buildActionMask = 2147483647;
			files = (
			);
			runOnlyForDeploymentPostprocessing = 0;
		};
		F43426DC2D7541F300E01062 /* Resources */ = {
			isa = PBXResourcesBuildPhase;
			buildActionMask = 2147483647;
			files = (
			);
			runOnlyForDeploymentPostprocessing = 0;
		};
/* End PBXResourcesBuildPhase section */

/* Begin PBXSourcesBuildPhase section */
		F43426BD2D7541F100E01062 /* Sources */ = {
			isa = PBXSourcesBuildPhase;
			buildActionMask = 2147483647;
			files = (
			);
			runOnlyForDeploymentPostprocessing = 0;
		};
		F43426D02D7541F300E01062 /* Sources */ = {
			isa = PBXSourcesBuildPhase;
			buildActionMask = 2147483647;
			files = (
			);
			runOnlyForDeploymentPostprocessing = 0;
		};
		F43426DA2D7541F300E01062 /* Sources */ = {
			isa = PBXSourcesBuildPhase;
			buildActionMask = 2147483647;
			files = (
			);
			runOnlyForDeploymentPostprocessing = 0;
		};
/* End PBXSourcesBuildPhase section */

/* Begin PBXTargetDependency section */
		F43426D62D7541F300E01062 /* PBXTargetDependency */ = {
			isa = PBXTargetDependency;
			target = F43426C02D7541F100E01062 /* togoo */;
			targetProxy = F43426D52D7541F300E01062 /* PBXContainerItemProxy */;
		};
		F43426E02D7541F300E01062 /* PBXTargetDependency */ = {
			isa = PBXTargetDependency;
			target = F43426C02D7541F100E01062 /* togoo */;
			targetProxy = F43426DF2D7541F300E01062 /* PBXContainerItemProxy */;
		};
/* End PBXTargetDependency section */

/* Begin XCBuildConfiguration section */
		F43426E62D7541F300E01062 /* Debug */ = {
			isa = XCBuildConfiguration;
			buildSettings = {
				ALWAYS_SEARCH_USER_PATHS = NO;
				ASSETCATALOG_COMPILER_GENERATE_SWIFT_ASSET_SYMBOL_EXTENSIONS = YES;
				CLANG_ANALYZER_NONNULL = YES;
				CLANG_ANALYZER_NUMBER_OBJECT_CONVERSION = YES_AGGRESSIVE;
				CLANG_CXX_LANGUAGE_STANDARD = "gnu++20";
				CLANG_ENABLE_MODULES = YES;
				CLANG_ENABLE_OBJC_ARC = YES;
				CLANG_ENABLE_OBJC_WEAK = YES;
				CLANG_WARN_BLOCK_CAPTURE_AUTORELEASING = YES;
				CLANG_WARN_BOOL_CONVERSION = YES;
				CLANG_WARN_COMMA = YES;
				CLANG_WARN_CONSTANT_CONVERSION = YES;
				CLANG_WARN_DEPRECATED_OBJC_IMPLEMENTATIONS = YES;
				CLANG_WARN_DIRECT_OBJC_ISA_USAGE = YES_ERROR;
				CLANG_WARN_DOCUMENTATION_COMMENTS = YES;
				CLANG_WARN_EMPTY_BODY = YES;
				CLANG_WARN_ENUM_CONVERSION = YES;
				CLANG_WARN_INFINITE_RECURSION = YES;
				CLANG_WARN_INT_CONVERSION = YES;
				CLANG_WARN_NON_LITERAL_NULL_CONVERSION = YES;
				CLANG_WARN_OBJC_IMPLICIT_RETAIN_SELF = YES;
				CLANG_WARN_OBJC_LITERAL_CONVERSION = YES;
				CLANG_WARN_OBJC_ROOT_CLASS = YES_ERROR;
				CLANG_WARN_QUOTED_INCLUDE_IN_FRAMEWORK_HEADER = YES;
				CLANG_WARN_RANGE_LOOP_ANALYSIS = YES;
				CLANG_WARN_STRICT_PROTOTYPES = YES;
				CLANG_WARN_SUSPICIOUS_MOVE = YES;
				CLANG_WARN_UNGUARDED_AVAILABILITY = YES_AGGRESSIVE;
				CLANG_WARN_UNREACHABLE_CODE = YES;
				CLANG_WARN__DUPLICATE_METHOD_MATCH = YES;
				COPY_PHASE_STRIP = NO;
				DEBUG_INFORMATION_FORMAT = dwarf;
				ENABLE_STRICT_OBJC_MSGSEND = YES;
				ENABLE_TESTABILITY = YES;
				ENABLE_USER_SCRIPT_SANDBOXING = YES;
				GCC_C_LANGUAGE_STANDARD = gnu17;
				GCC_DYNAMIC_NO_PIC = NO;
				GCC_NO_COMMON_BLOCKS = YES;
				GCC_OPTIMIZATION_LEVEL = 0;
				GCC_PREPROCESSOR_DEFINITIONS = (
					"DEBUG=1",
					"$(inherited)",
				);
				GCC_WARN_64_TO_32_BIT_CONVERSION = YES;
				GCC_WARN_ABOUT_RETURN_TYPE = YES_ERROR;
				GCC_WARN_UNDECLARED_SELECTOR = YES;
				GCC_WARN_UNINITIALIZED_AUTOS = YES_AGGRESSIVE;
				GCC_WARN_UNUSED_FUNCTION = YES;
				GCC_WARN_UNUSED_VARIABLE = YES;
				LOCALIZATION_PREFERS_STRING_CATALOGS = YES;
				MTL_ENABLE_DEBUG_INFO = INCLUDE_SOURCE;
				MTL_FAST_MATH = YES;
				ONLY_ACTIVE_ARCH = YES;
				SWIFT_ACTIVE_COMPILATION_CONDITIONS = "DEBUG $(inherited)";
				SWIFT_OPTIMIZATION_LEVEL = "-Onone";
			};
			name = Debug;
		};
		F43426E72D7541F300E01062 /* Release */ = {
			isa = XCBuildConfiguration;
			buildSettings = {
				ALWAYS_SEARCH_USER_PATHS = NO;
				ASSETCATALOG_COMPILER_GENERATE_SWIFT_ASSET_SYMBOL_EXTENSIONS = YES;
				CLANG_ANALYZER_NONNULL = YES;
				CLANG_ANALYZER_NUMBER_OBJECT_CONVERSION = YES_AGGRESSIVE;
				CLANG_CXX_LANGUAGE_STANDARD = "gnu++20";
				CLANG_ENABLE_MODULES = YES;
				CLANG_ENABLE_OBJC_ARC = YES;
				CLANG_ENABLE_OBJC_WEAK = YES;
				CLANG_WARN_BLOCK_CAPTURE_AUTORELEASING = YES;
				CLANG_WARN_BOOL_CONVERSION = YES;
				CLANG_WARN_COMMA = YES;
				CLANG_WARN_CONSTANT_CONVERSION = YES;
				CLANG_WARN_DEPRECATED_OBJC_IMPLEMENTATIONS = YES;
				CLANG_WARN_DIRECT_OBJC_ISA_USAGE = YES_ERROR;
				CLANG_WARN_DOCUMENTATION_COMMENTS = YES;
				CLANG_WARN_EMPTY_BODY = YES;
				CLANG_WARN_ENUM_CONVERSION = YES;
				CLANG_WARN_INFINITE_RECURSION = YES;
				CLANG_WARN_INT_CONVERSION = YES;
				CLANG_WARN_NON_LITERAL_NULL_CONVERSION = YES;
				CLANG_WARN_OBJC_IMPLICIT_RETAIN_SELF = YES;
				CLANG_WARN_OBJC_LITERAL_CONVERSION = YES;
				CLANG_WARN_OBJC_ROOT_CLASS = YES_ERROR;
				CLANG_WARN_QUOTED_INCLUDE_IN_FRAMEWORK_HEADER = YES;
				CLANG_WARN_RANGE_LOOP_ANALYSIS = YES;
				CLANG_WARN_STRICT_PROTOTYPES = YES;
				CLANG_WARN_SUSPICIOUS_MOVE = YES;
				CLANG_WARN_UNGUARDED_AVAILABILITY = YES_AGGRESSIVE;
				CLANG_WARN_UNREACHABLE_CODE = YES;
				CLANG_WARN__DUPLICATE_METHOD_MATCH = YES;
				COPY_PHASE_STRIP = NO;
				DEBUG_INFORMATION_FORMAT = "dwarf-with-dsym";
				ENABLE_NS_ASSERTIONS = NO;
				ENABLE_STRICT_OBJC_MSGSEND = YES;
				ENABLE_USER_SCRIPT_SANDBOXING = YES;
				GCC_C_LANGUAGE_STANDARD = gnu17;
				GCC_NO_COMMON_BLOCKS = YES;
				GCC_WARN_64_TO_32_BIT_CONVERSION = YES;
				GCC_WARN_ABOUT_RETURN_TYPE = YES_ERROR;
				GCC_WARN_UNDECLARED_SELECTOR = YES;
				GCC_WARN_UNINITIALIZED_AUTOS = YES_AGGRESSIVE;
				GCC_WARN_UNUSED_FUNCTION = YES;
				GCC_WARN_UNUSED_VARIABLE = YES;
				LOCALIZATION_PREFERS_STRING_CATALOGS = YES;
				MTL_ENABLE_DEBUG_INFO = NO;
				MTL_FAST_MATH = YES;
				SWIFT_COMPILATION_MODE = wholemodule;
			};
			name = Release;
		};
		F43426E92D7541F300E01062 /* Debug */ = {
			isa = XCBuildConfiguration;
			buildSettings = {
				ASSETCATALOG_COMPILER_APPICON_NAME = AppIcon;
				ASSETCATALOG_COMPILER_GLOBAL_ACCENT_COLOR_NAME = AccentColor;
				CODE_SIGN_ENTITLEMENTS = togoo/togoo.entitlements;
				"CODE_SIGN_IDENTITY[sdk=macosx*]" = "-";
				CODE_SIGN_STYLE = Automatic;
				CURRENT_PROJECT_VERSION = 1;
				DEVELOPMENT_ASSET_PATHS = "\"togoo/Preview Content\"";
				DEVELOPMENT_TEAM = W39S96AX82;
				ENABLE_PREVIEWS = YES;
				GENERATE_INFOPLIST_FILE = YES;
				INFOPLIST_FILE = togoo/Info.plist;
				"INFOPLIST_KEY_UIApplicationSceneManifest_Generation[sdk=iphoneos*]" = YES;
				"INFOPLIST_KEY_UIApplicationSceneManifest_Generation[sdk=iphonesimulator*]" = YES;
				"INFOPLIST_KEY_UIApplicationSupportsIndirectInputEvents[sdk=iphoneos*]" = YES;
				"INFOPLIST_KEY_UIApplicationSupportsIndirectInputEvents[sdk=iphonesimulator*]" = YES;
				"INFOPLIST_KEY_UILaunchScreen_Generation[sdk=iphoneos*]" = YES;
				"INFOPLIST_KEY_UILaunchScreen_Generation[sdk=iphonesimulator*]" = YES;
				"INFOPLIST_KEY_UIStatusBarStyle[sdk=iphoneos*]" = UIStatusBarStyleDefault;
				"INFOPLIST_KEY_UIStatusBarStyle[sdk=iphonesimulator*]" = UIStatusBarStyleDefault;
				INFOPLIST_KEY_UISupportedInterfaceOrientations_iPad = "UIInterfaceOrientationPortrait UIInterfaceOrientationPortraitUpsideDown UIInterfaceOrientationLandscapeLeft UIInterfaceOrientationLandscapeRight";
				INFOPLIST_KEY_UISupportedInterfaceOrientations_iPhone = "UIInterfaceOrientationPortrait UIInterfaceOrientationLandscapeLeft UIInterfaceOrientationLandscapeRight";
				IPHONEOS_DEPLOYMENT_TARGET = 18.2;
				LD_RUNPATH_SEARCH_PATHS = "@executable_path/Frameworks";
				"LD_RUNPATH_SEARCH_PATHS[sdk=macosx*]" = "@executable_path/../Frameworks";
				MACOSX_DEPLOYMENT_TARGET = 14.0;
				MARKETING_VERSION = 1.0;
				PRODUCT_BUNDLE_IDENTIFIER = com.togoo.togoo;
				PRODUCT_NAME = "$(TARGET_NAME)";
				SDKROOT = auto;
				SUPPORTED_PLATFORMS = "iphoneos iphonesimulator macosx xros xrsimulator";
				SWIFT_EMIT_LOC_STRINGS = YES;
				SWIFT_VERSION = 5.0;
				TARGETED_DEVICE_FAMILY = "1,2,7";
				XROS_DEPLOYMENT_TARGET = 2.2;
			};
			name = Debug;
		};
		F43426EA2D7541F300E01062 /* Release */ = {
			isa = XCBuildConfiguration;
			buildSettings = {
				ASSETCATALOG_COMPILER_APPICON_NAME = AppIcon;
				ASSETCATALOG_COMPILER_GLOBAL_ACCENT_COLOR_NAME = AccentColor;
				CODE_SIGN_ENTITLEMENTS = togoo/togoo.entitlements;
				"CODE_SIGN_IDENTITY[sdk=macosx*]" = "-";
				CODE_SIGN_STYLE = Automatic;
				CURRENT_PROJECT_VERSION = 1;
				DEVELOPMENT_ASSET_PATHS = "\"togoo/Preview Content\"";
				DEVELOPMENT_TEAM = W39S96AX82;
				ENABLE_PREVIEWS = YES;
				GENERATE_INFOPLIST_FILE = YES;
				INFOPLIST_FILE = togoo/Info.plist;
				"INFOPLIST_KEY_UIApplicationSceneManifest_Generation[sdk=iphoneos*]" = YES;
				"INFOPLIST_KEY_UIApplicationSceneManifest_Generation[sdk=iphonesimulator*]" = YES;
				"INFOPLIST_KEY_UIApplicationSupportsIndirectInputEvents[sdk=iphoneos*]" = YES;
				"INFOPLIST_KEY_UIApplicationSupportsIndirectInputEvents[sdk=iphonesimulator*]" = YES;
				"INFOPLIST_KEY_UILaunchScreen_Generation[sdk=iphoneos*]" = YES;
				"INFOPLIST_KEY_UILaunchScreen_Generation[sdk=iphonesimulator*]" = YES;
				"INFOPLIST_KEY_UIStatusBarStyle[sdk=iphoneos*]" = UIStatusBarStyleDefault;
				"INFOPLIST_KEY_UIStatusBarStyle[sdk=iphonesimulator*]" = UIStatusBarStyleDefault;
				INFOPLIST_KEY_UISupportedInterfaceOrientations_iPad = "UIInterfaceOrientationPortrait UIInterfaceOrientationPortraitUpsideDown UIInterfaceOrientationLandscapeLeft UIInterfaceOrientationLandscapeRight";
				INFOPLIST_KEY_UISupportedInterfaceOrientations_iPhone = "UIInterfaceOrientationPortrait UIInterfaceOrientationLandscapeLeft UIInterfaceOrientationLandscapeRight";
				IPHONEOS_DEPLOYMENT_TARGET = 18.2;
				LD_RUNPATH_SEARCH_PATHS = "@executable_path/Frameworks";
				"LD_RUNPATH_SEARCH_PATHS[sdk=macosx*]" = "@executable_path/../Frameworks";
				MACOSX_DEPLOYMENT_TARGET = 14.0;
				MARKETING_VERSION = 1.0;
				PRODUCT_BUNDLE_IDENTIFIER = com.togoo.togoo;
				PRODUCT_NAME = "$(TARGET_NAME)";
				SDKROOT = auto;
				SUPPORTED_PLATFORMS = "iphoneos iphonesimulator macosx xros xrsimulator";
				SWIFT_EMIT_LOC_STRINGS = YES;
				SWIFT_VERSION = 5.0;
				TARGETED_DEVICE_FAMILY = "1,2,7";
				XROS_DEPLOYMENT_TARGET = 2.2;
			};
			name = Release;
		};
		F43426EC2D7541F300E01062 /* Debug */ = {
			isa = XCBuildConfiguration;
			buildSettings = {
				BUNDLE_LOADER = "$(TEST_HOST)";
				CODE_SIGN_STYLE = Automatic;
				CURRENT_PROJECT_VERSION = 1;
				GENERATE_INFOPLIST_FILE = YES;
				IPHONEOS_DEPLOYMENT_TARGET = 18.2;
				MACOSX_DEPLOYMENT_TARGET = 15.2;
				MARKETING_VERSION = 1.0;
				PRODUCT_BUNDLE_IDENTIFIER = com.togoo.togooTests;
				PRODUCT_NAME = "$(TARGET_NAME)";
				SDKROOT = auto;
				SUPPORTED_PLATFORMS = "iphoneos iphonesimulator macosx xros xrsimulator";
				SWIFT_EMIT_LOC_STRINGS = NO;
				SWIFT_VERSION = 5.0;
				TARGETED_DEVICE_FAMILY = "1,2,7";
				TEST_HOST = "$(BUILT_PRODUCTS_DIR)/togoo.app/$(BUNDLE_EXECUTABLE_FOLDER_PATH)/togoo";
				XROS_DEPLOYMENT_TARGET = 2.2;
			};
			name = Debug;
		};
		F43426ED2D7541F300E01062 /* Release */ = {
			isa = XCBuildConfiguration;
			buildSettings = {
				BUNDLE_LOADER = "$(TEST_HOST)";
				CODE_SIGN_STYLE = Automatic;
				CURRENT_PROJECT_VERSION = 1;
				GENERATE_INFOPLIST_FILE = YES;
				IPHONEOS_DEPLOYMENT_TARGET = 18.2;
				MACOSX_DEPLOYMENT_TARGET = 15.2;
				MARKETING_VERSION = 1.0;
				PRODUCT_BUNDLE_IDENTIFIER = com.togoo.togooTests;
				PRODUCT_NAME = "$(TARGET_NAME)";
				SDKROOT = auto;
				SUPPORTED_PLATFORMS = "iphoneos iphonesimulator macosx xros xrsimulator";
				SWIFT_EMIT_LOC_STRINGS = NO;
				SWIFT_VERSION = 5.0;
				TARGETED_DEVICE_FAMILY = "1,2,7";
				TEST_HOST = "$(BUILT_PRODUCTS_DIR)/togoo.app/$(BUNDLE_EXECUTABLE_FOLDER_PATH)/togoo";
				XROS_DEPLOYMENT_TARGET = 2.2;
			};
			name = Release;
		};
		F43426EF2D7541F300E01062 /* Debug */ = {
			isa = XCBuildConfiguration;
			buildSettings = {
				CODE_SIGN_STYLE = Automatic;
				CURRENT_PROJECT_VERSION = 1;
				GENERATE_INFOPLIST_FILE = YES;
				IPHONEOS_DEPLOYMENT_TARGET = 18.2;
				MACOSX_DEPLOYMENT_TARGET = 15.2;
				MARKETING_VERSION = 1.0;
				PRODUCT_BUNDLE_IDENTIFIER = com.togoo.togooUITests;
				PRODUCT_NAME = "$(TARGET_NAME)";
				SDKROOT = auto;
				SUPPORTED_PLATFORMS = "iphoneos iphonesimulator macosx xros xrsimulator";
				SWIFT_EMIT_LOC_STRINGS = NO;
				SWIFT_VERSION = 5.0;
				TARGETED_DEVICE_FAMILY = "1,2,7";
				TEST_TARGET_NAME = togoo;
				XROS_DEPLOYMENT_TARGET = 2.2;
			};
			name = Debug;
		};
		F43426F02D7541F300E01062 /* Release */ = {
			isa = XCBuildConfiguration;
			buildSettings = {
				CODE_SIGN_STYLE = Automatic;
				CURRENT_PROJECT_VERSION = 1;
				GENERATE_INFOPLIST_FILE = YES;
				IPHONEOS_DEPLOYMENT_TARGET = 18.2;
				MACOSX_DEPLOYMENT_TARGET = 15.2;
				MARKETING_VERSION = 1.0;
				PRODUCT_BUNDLE_IDENTIFIER = com.togoo.togooUITests;
				PRODUCT_NAME = "$(TARGET_NAME)";
				SDKROOT = auto;
				SUPPORTED_PLATFORMS = "iphoneos iphonesimulator macosx xros xrsimulator";
				SWIFT_EMIT_LOC_STRINGS = NO;
				SWIFT_VERSION = 5.0;
				TARGETED_DEVICE_FAMILY = "1,2,7";
				TEST_TARGET_NAME = togoo;
				XROS_DEPLOYMENT_TARGET = 2.2;
			};
			name = Release;
		};
/* End XCBuildConfiguration section */

/* Begin XCConfigurationList section */
		F43426BC2D7541F100E01062 /* Build configuration list for PBXProject "togoo" */ = {
			isa = XCConfigurationList;
			buildConfigurations = (
				F43426E62D7541F300E01062 /* Debug */,
				F43426E72D7541F300E01062 /* Release */,
			);
			defaultConfigurationIsVisible = 0;
			defaultConfigurationName = Release;
		};
		F43426E82D7541F300E01062 /* Build configuration list for PBXNativeTarget "togoo" */ = {
			isa = XCConfigurationList;
			buildConfigurations = (
				F43426E92D7541F300E01062 /* Debug */,
				F43426EA2D7541F300E01062 /* Release */,
			);
			defaultConfigurationIsVisible = 0;
			defaultConfigurationName = Release;
		};
		F43426EB2D7541F300E01062 /* Build configuration list for PBXNativeTarget "togooTests" */ = {
			isa = XCConfigurationList;
			buildConfigurations = (
				F43426EC2D7541F300E01062 /* Debug */,
				F43426ED2D7541F300E01062 /* Release */,
			);
			defaultConfigurationIsVisible = 0;
			defaultConfigurationName = Release;
		};
		F43426EE2D7541F300E01062 /* Build configuration list for PBXNativeTarget "togooUITests" */ = {
			isa = XCConfigurationList;
			buildConfigurations = (
				F43426EF2D7541F300E01062 /* Debug */,
				F43426F02D7541F300E01062 /* Release */,
			);
			defaultConfigurationIsVisible = 0;
			defaultConfigurationName = Release;
		};
/* End XCConfigurationList section */

/* Begin XCRemoteSwiftPackageReference section */
		F4085A942DA8E89B00202DC3 /* XCRemoteSwiftPackageReference "stripe-ios" */ = {
			isa = XCRemoteSwiftPackageReference;
			repositoryURL = "https://github.com/stripe/stripe-ios";
			requirement = {
				kind = upToNextMajorVersion;
				minimumVersion = 24.11.0;
			};
		};
		F4666E5C2DAE04CC005847C1 /* XCRemoteSwiftPackageReference "SDWebImage" */ = {
			isa = XCRemoteSwiftPackageReference;
			repositoryURL = "https://github.com/SDWebImage/SDWebImage.git";
			requirement = {
				kind = upToNextMajorVersion;
				minimumVersion = 5.21.0;
			};
		};
		F46C9F632D754A01003EECDA /* XCRemoteSwiftPackageReference "firebase-ios-sdk" */ = {
			isa = XCRemoteSwiftPackageReference;
			repositoryURL = "https://github.com/firebase/firebase-ios-sdk";
			requirement = {
				kind = upToNextMajorVersion;
				minimumVersion = 11.9.0;
			};
		};
/* End XCRemoteSwiftPackageReference section */

/* Begin XCSwiftPackageProductDependency section */
		F4085A952DA8E89B00202DC3 /* Stripe */ = {
			isa = XCSwiftPackageProductDependency;
			package = F4085A942DA8E89B00202DC3 /* XCRemoteSwiftPackageReference "stripe-ios" */;
			productName = Stripe;
		};
		F4085A972DA8E89B00202DC3 /* StripeApplePay */ = {
			isa = XCSwiftPackageProductDependency;
			package = F4085A942DA8E89B00202DC3 /* XCRemoteSwiftPackageReference "stripe-ios" */;
			productName = StripeApplePay;
		};
		F4085A992DA8E89B00202DC3 /* StripeCardScan */ = {
			isa = XCSwiftPackageProductDependency;
			package = F4085A942DA8E89B00202DC3 /* XCRemoteSwiftPackageReference "stripe-ios" */;
			productName = StripeCardScan;
		};
		F4085A9B2DA8E89B00202DC3 /* StripeConnect */ = {
			isa = XCSwiftPackageProductDependency;
			package = F4085A942DA8E89B00202DC3 /* XCRemoteSwiftPackageReference "stripe-ios" */;
			productName = StripeConnect;
		};
		F4085A9D2DA8E89B00202DC3 /* StripeFinancialConnections */ = {
			isa = XCSwiftPackageProductDependency;
			package = F4085A942DA8E89B00202DC3 /* XCRemoteSwiftPackageReference "stripe-ios" */;
			productName = StripeFinancialConnections;
		};
		F4085A9F2DA8E89B00202DC3 /* StripeIdentity */ = {
			isa = XCSwiftPackageProductDependency;
			package = F4085A942DA8E89B00202DC3 /* XCRemoteSwiftPackageReference "stripe-ios" */;
			productName = StripeIdentity;
		};
		F4085AA12DA8E89B00202DC3 /* StripePaymentSheet */ = {
			isa = XCSwiftPackageProductDependency;
			package = F4085A942DA8E89B00202DC3 /* XCRemoteSwiftPackageReference "stripe-ios" */;
			productName = StripePaymentSheet;
		};
		F4085AA32DA8E89B00202DC3 /* StripePayments */ = {
			isa = XCSwiftPackageProductDependency;
			package = F4085A942DA8E89B00202DC3 /* XCRemoteSwiftPackageReference "stripe-ios" */;
			productName = StripePayments;
		};
		F4085AA52DA8E89B00202DC3 /* StripePaymentsUI */ = {
			isa = XCSwiftPackageProductDependency;
			package = F4085A942DA8E89B00202DC3 /* XCRemoteSwiftPackageReference "stripe-ios" */;
			productName = StripePaymentsUI;
		};
		F437AF752D869F890073197C /* FirebaseFunctions */ = {
			isa = XCSwiftPackageProductDependency;
			package = F46C9F632D754A01003EECDA /* XCRemoteSwiftPackageReference "firebase-ios-sdk" */;
			productName = FirebaseFunctions;
		};
		F4666E5D2DAE04CC005847C1 /* SDWebImage */ = {
			isa = XCSwiftPackageProductDependency;
			package = F4666E5C2DAE04CC005847C1 /* XCRemoteSwiftPackageReference "SDWebImage" */;
			productName = SDWebImage;
		};
		F4666E5F2DAE04CC005847C1 /* SDWebImageMapKit */ = {
			isa = XCSwiftPackageProductDependency;
			package = F4666E5C2DAE04CC005847C1 /* XCRemoteSwiftPackageReference "SDWebImage" */;
			productName = SDWebImageMapKit;
		};
		F46C9F642D754A01003EECDA /* FirebaseAnalytics */ = {
			isa = XCSwiftPackageProductDependency;
			package = F46C9F632D754A01003EECDA /* XCRemoteSwiftPackageReference "firebase-ios-sdk" */;
			productName = FirebaseAnalytics;
		};
		F46C9F662D754A01003EECDA /* FirebaseAuth */ = {
			isa = XCSwiftPackageProductDependency;
			package = F46C9F632D754A01003EECDA /* XCRemoteSwiftPackageReference "firebase-ios-sdk" */;
			productName = FirebaseAuth;
		};
		F46C9F682D754A01003EECDA /* FirebaseCore */ = {
			isa = XCSwiftPackageProductDependency;
			package = F46C9F632D754A01003EECDA /* XCRemoteSwiftPackageReference "firebase-ios-sdk" */;
			productName = FirebaseCore;
		};
		F46C9F6A2D754A01003EECDA /* FirebaseDatabase */ = {
			isa = XCSwiftPackageProductDependency;
			package = F46C9F632D754A01003EECDA /* XCRemoteSwiftPackageReference "firebase-ios-sdk" */;
			productName = FirebaseDatabase;
		};
		F46C9F6C2D754A01003EECDA /* FirebaseFirestore */ = {
			isa = XCSwiftPackageProductDependency;
			package = F46C9F632D754A01003EECDA /* XCRemoteSwiftPackageReference "firebase-ios-sdk" */;
			productName = FirebaseFirestore;
		};
		F46C9F6E2D754A01003EECDA /* FirebaseStorage */ = {
			isa = XCSwiftPackageProductDependency;
			package = F46C9F632D754A01003EECDA /* XCRemoteSwiftPackageReference "firebase-ios-sdk" */;
			productName = FirebaseStorage;
		};
/* End XCSwiftPackageProductDependency section */
	};
	rootObject = F43426B92D7541F100E01062 /* Project object */;
}
